<?xml version="1.0" encoding="UTF-8" standalone="yes" ?>
<CodeBlocks_project_file>
	<FileVersion major="1" minor="6" />
	<Project>
		<Option title="Gomoku GUI" />
		<Option pch_mode="2" />
		<Option compiler="gcc" />
		<Build>
			<Target title="Debug">
				<Option output="bin/Debug/gui" prefix_auto="1" extension_auto="1" />
				<Option object_output="obj/Debug/" />
				<Option type="1" />
				<Option compiler="gcc" />
				<Compiler>
					<Add option="-g" />
					<Add option="-Ddbm" />
					<Add directory="SDL-1.2.15/include" />
				</Compiler>
				<Linker>
					<Add option="-lmingw32 -lSDLmain -lSDL -lSDL_image -lSDL_ttf" />
					<Add directory="SDL-1.2.15/lib" />
				</Linker>
			</Target>
			<Target title="Release">
				<Option output="bin/Release/gui" prefix_auto="1" extension_auto="1" />
				<Option object_output="obj/Release/" />
				<Option type="0" />
				<Option compiler="gcc" />
				<Compiler>
					<Add option="-O2" />
					<Add directory="SDL-1.2.15/include" />
				</Compiler>
				<Linker>
					<Add option="-s" />
					<Add option="-lmingw32 -lSDLmain -lSDL -lSDL_image -lSDL_ttf" />
					<Add directory="SDL-1.2.15/lib" />
				</Linker>
			</Target>
		</Build>
		<Compiler>
			<Add option="-Wall" />
		</Compiler>
		<Unit filename="Button.cpp" />
		<Unit filename="Button.h" />
		<Unit filename="Stone.cpp" />
		<Unit filename="display.cpp" />
		<Unit filename="display.h" />
		<Unit filename="game.cpp" />
		<Unit filename="game.h" />
		<Unit filename="main.cpp" />
		<Unit filename="mouseevents.cpp" />
		<Unit filename="mouseevents.h" />
		<Unit filename="myPipe.cpp" />
		<Unit filename="myPipe.hpp" />
		<Unit filename="stone.h" />
		<Extensions>
			<code_completion />
			<envvars />
			<debugger />
		</Extensions>
	</Project>
</CodeBlocks_project_file>
